
Microsoft Visual Studio Solution File, Format Version 12.00
Project("{FAE04EC0-301F-11D3-BF4B-00C04F79EFBC}") = "ServiceA", "ServiceA\ServiceA.csproj", "{AB97F501-5830-4B7B-9E9D-8D00A09CFEE4}"
EndProject
Project("{2150E333-8FDC-42A3-9474-1A3956D46DE8}") = "Solution Items", "Solution Items", "{AE5EAC9D-A37E-4DA2-ACD4-5E5B8600A367}"
	ProjectSection(SolutionItems) = preProject
		compose.yaml = compose.yaml
	EndProjectSection
EndProject
Project("{FAE04EC0-301F-11D3-BF4B-00C04F79EFBC}") = "ServiceB", "ServiceB\ServiceB.csproj", "{F99E1E9B-3749-48D0-A831-AB1CED9054D7}"
EndProject
Project("{FAE04EC0-301F-11D3-BF4B-00C04F79EFBC}") = "Gateway", "Gateway\Gateway.csproj", "{1C74A991-0AFD-463E-8E07-4A302E28E1A3}"
EndProject
Project("{FAE04EC0-301F-11D3-BF4B-00C04F79EFBC}") = "ApiService.Orders", "ApiService.Orders\ApiService.Orders.csproj", "{65263BC5-98BA-4A16-8CCA-907EFDF750FB}"
EndProject
Project("{FAE04EC0-301F-11D3-BF4B-00C04F79EFBC}") = "Repository.Orders", "Repository.Orders\Repository.Orders.csproj", "{227A9EC1-4E82-4B15-A6BB-2D9906E6764C}"
EndProject
Global
	GlobalSection(SolutionConfigurationPlatforms) = preSolution
		Debug|Any CPU = Debug|Any CPU
		Release|Any CPU = Release|Any CPU
	EndGlobalSection
	GlobalSection(ProjectConfigurationPlatforms) = postSolution
		{AB97F501-5830-4B7B-9E9D-8D00A09CFEE4}.Debug|Any CPU.ActiveCfg = Debug|Any CPU
		{AB97F501-5830-4B7B-9E9D-8D00A09CFEE4}.Debug|Any CPU.Build.0 = Debug|Any CPU
		{AB97F501-5830-4B7B-9E9D-8D00A09CFEE4}.Release|Any CPU.ActiveCfg = Release|Any CPU
		{AB97F501-5830-4B7B-9E9D-8D00A09CFEE4}.Release|Any CPU.Build.0 = Release|Any CPU
		{F99E1E9B-3749-48D0-A831-AB1CED9054D7}.Debug|Any CPU.ActiveCfg = Debug|Any CPU
		{F99E1E9B-3749-48D0-A831-AB1CED9054D7}.Debug|Any CPU.Build.0 = Debug|Any CPU
		{F99E1E9B-3749-48D0-A831-AB1CED9054D7}.Release|Any CPU.ActiveCfg = Release|Any CPU
		{F99E1E9B-3749-48D0-A831-AB1CED9054D7}.Release|Any CPU.Build.0 = Release|Any CPU
		{1C74A991-0AFD-463E-8E07-4A302E28E1A3}.Debug|Any CPU.ActiveCfg = Debug|Any CPU
		{1C74A991-0AFD-463E-8E07-4A302E28E1A3}.Debug|Any CPU.Build.0 = Debug|Any CPU
		{1C74A991-0AFD-463E-8E07-4A302E28E1A3}.Release|Any CPU.ActiveCfg = Release|Any CPU
		{1C74A991-0AFD-463E-8E07-4A302E28E1A3}.Release|Any CPU.Build.0 = Release|Any CPU
		{65263BC5-98BA-4A16-8CCA-907EFDF750FB}.Debug|Any CPU.ActiveCfg = Debug|Any CPU
		{65263BC5-98BA-4A16-8CCA-907EFDF750FB}.Debug|Any CPU.Build.0 = Debug|Any CPU
		{65263BC5-98BA-4A16-8CCA-907EFDF750FB}.Release|Any CPU.ActiveCfg = Release|Any CPU
		{65263BC5-98BA-4A16-8CCA-907EFDF750FB}.Release|Any CPU.Build.0 = Release|Any CPU
		{227A9EC1-4E82-4B15-A6BB-2D9906E6764C}.Debug|Any CPU.ActiveCfg = Debug|Any CPU
		{227A9EC1-4E82-4B15-A6BB-2D9906E6764C}.Debug|Any CPU.Build.0 = Debug|Any CPU
		{227A9EC1-4E82-4B15-A6BB-2D9906E6764C}.Release|Any CPU.ActiveCfg = Release|Any CPU
		{227A9EC1-4E82-4B15-A6BB-2D9906E6764C}.Release|Any CPU.Build.0 = Release|Any CPU
	EndGlobalSection
EndGlobal
