
Microsoft Visual Studio Solution File, Format Version 12.00
Project("{FAE04EC0-301F-11D3-BF4B-00C04F79EFBC}") = "ServiceA", "ServiceA\ServiceA.csproj", "{AB97F501-5830-4B7B-9E9D-8D00A09CFEE4}"
EndProject
Project("{2150E333-8FDC-42A3-9474-1A3956D46DE8}") = "Solution Items", "Solution Items", "{AE5EAC9D-A37E-4DA2-ACD4-5E5B8600A367}"
	ProjectSection(SolutionItems) = preProject
		compose.yaml = compose.yaml
	EndProjectSection
EndProject
Project("{FAE04EC0-301F-11D3-BF4B-00C04F79EFBC}") = "ServiceB", "ServiceB\ServiceB.csproj", "{F99E1E9B-3749-48D0-A831-AB1CED9054D7}"
EndProject
Project("{FAE04EC0-301F-11D3-BF4B-00C04F79EFBC}") = "Gateway", "Gateway\Gateway.csproj", "{1C74A991-0AFD-463E-8E07-4A302E28E1A3}"
EndProject
Project("{2150E333-8FDC-42A3-9474-1A3956D46DE8}") = "InventoryService", "InventoryService", "{2D2B7EEC-B5EA-4669-A53B-6B2FFABD125A}"
	ProjectSection(SolutionItems) = preProject
		InventoryService\Dockerfile = InventoryService\Dockerfile
	EndProjectSection
EndProject
Project("{FAE04EC0-301F-11D3-BF4B-00C04F79EFBC}") = "InventoryService.Api", "InventoryService\InventoryService.Api\InventoryService.Api.csproj", "{A0C84FD3-7FE1-4ACD-95CA-28A465AD4F45}"
EndProject
Project("{FAE04EC0-301F-11D3-BF4B-00C04F79EFBC}") = "InventoryService.DataAccess", "InventoryService\InventoryService.DataAccess\InventoryService.DataAccess.csproj", "{CD5BFC65-3AB9-4818-85A0-2DE62F521D1E}"
EndProject
Global
	GlobalSection(SolutionConfigurationPlatforms) = preSolution
		Debug|Any CPU = Debug|Any CPU
		Release|Any CPU = Release|Any CPU
	EndGlobalSection
	GlobalSection(ProjectConfigurationPlatforms) = postSolution
		{AB97F501-5830-4B7B-9E9D-8D00A09CFEE4}.Debug|Any CPU.ActiveCfg = Debug|Any CPU
		{AB97F501-5830-4B7B-9E9D-8D00A09CFEE4}.Debug|Any CPU.Build.0 = Debug|Any CPU
		{AB97F501-5830-4B7B-9E9D-8D00A09CFEE4}.Release|Any CPU.ActiveCfg = Release|Any CPU
		{AB97F501-5830-4B7B-9E9D-8D00A09CFEE4}.Release|Any CPU.Build.0 = Release|Any CPU
		{F99E1E9B-3749-48D0-A831-AB1CED9054D7}.Debug|Any CPU.ActiveCfg = Debug|Any CPU
		{F99E1E9B-3749-48D0-A831-AB1CED9054D7}.Debug|Any CPU.Build.0 = Debug|Any CPU
		{F99E1E9B-3749-48D0-A831-AB1CED9054D7}.Release|Any CPU.ActiveCfg = Release|Any CPU
		{F99E1E9B-3749-48D0-A831-AB1CED9054D7}.Release|Any CPU.Build.0 = Release|Any CPU
		{1C74A991-0AFD-463E-8E07-4A302E28E1A3}.Debug|Any CPU.ActiveCfg = Debug|Any CPU
		{1C74A991-0AFD-463E-8E07-4A302E28E1A3}.Debug|Any CPU.Build.0 = Debug|Any CPU
		{1C74A991-0AFD-463E-8E07-4A302E28E1A3}.Release|Any CPU.ActiveCfg = Release|Any CPU
		{1C74A991-0AFD-463E-8E07-4A302E28E1A3}.Release|Any CPU.Build.0 = Release|Any CPU
		{A0C84FD3-7FE1-4ACD-95CA-28A465AD4F45}.Debug|Any CPU.ActiveCfg = Debug|Any CPU
		{A0C84FD3-7FE1-4ACD-95CA-28A465AD4F45}.Debug|Any CPU.Build.0 = Debug|Any CPU
		{A0C84FD3-7FE1-4ACD-95CA-28A465AD4F45}.Release|Any CPU.ActiveCfg = Release|Any CPU
		{A0C84FD3-7FE1-4ACD-95CA-28A465AD4F45}.Release|Any CPU.Build.0 = Release|Any CPU
		{CD5BFC65-3AB9-4818-85A0-2DE62F521D1E}.Debug|Any CPU.ActiveCfg = Debug|Any CPU
		{CD5BFC65-3AB9-4818-85A0-2DE62F521D1E}.Debug|Any CPU.Build.0 = Debug|Any CPU
		{CD5BFC65-3AB9-4818-85A0-2DE62F521D1E}.Release|Any CPU.ActiveCfg = Release|Any CPU
		{CD5BFC65-3AB9-4818-85A0-2DE62F521D1E}.Release|Any CPU.Build.0 = Release|Any CPU
	EndGlobalSection
	GlobalSection(NestedProjects) = preSolution
		{A0C84FD3-7FE1-4ACD-95CA-28A465AD4F45} = {2D2B7EEC-B5EA-4669-A53B-6B2FFABD125A}
		{CD5BFC65-3AB9-4818-85A0-2DE62F521D1E} = {2D2B7EEC-B5EA-4669-A53B-6B2FFABD125A}
	EndGlobalSection
EndGlobal
