
Microsoft Visual Studio Solution File, Format Version 12.00
Project("{FAE04EC0-301F-11D3-BF4B-00C04F79EFBC}") = "ServiceA", "ServiceA\ServiceA.csproj", "{AB97F501-5830-4B7B-9E9D-8D00A09CFEE4}"
EndProject
Project("{2150E333-8FDC-42A3-9474-1A3956D46DE8}") = "Solution Items", "Solution Items", "{AE5EAC9D-A37E-4DA2-ACD4-5E5B8600A367}"
	ProjectSection(SolutionItems) = preProject
		compose.yaml = compose.yaml
	EndProjectSection
EndProject
Project("{FAE04EC0-301F-11D3-BF4B-00C04F79EFBC}") = "ServiceB", "ServiceB\ServiceB.csproj", "{F99E1E9B-3749-48D0-A831-AB1CED9054D7}"
EndProject
Project("{FAE04EC0-301F-11D3-BF4B-00C04F79EFBC}") = "Gateway", "Gateway\Gateway.csproj", "{1C74A991-0AFD-463E-8E07-4A302E28E1A3}"
EndProject
Project("{FAE04EC0-301F-11D3-BF4B-00C04F79EFBC}") = "ApiService.Orders", "OrdersService\ApiService.Orders\ApiService.Orders.csproj", "{BA8BD130-D936-4479-92AD-61EABF4286E6}"
EndProject
Project("{FAE04EC0-301F-11D3-BF4B-00C04F79EFBC}") = "Repository.Orders", "OrdersService\Repository.Orders\Repository.Orders.csproj", "{79FEC4E3-42AD-4CA3-B70C-9DC538618698}"
EndProject
Project("{2150E333-8FDC-42A3-9474-1A3956D46DE8}") = "OrdersService", "OrdersService", "{A64967CF-BBFE-4B62-A835-2AF863BC3296}"
EndProject
Global
	GlobalSection(SolutionConfigurationPlatforms) = preSolution
		Debug|Any CPU = Debug|Any CPU
		Release|Any CPU = Release|Any CPU
	EndGlobalSection
	GlobalSection(ProjectConfigurationPlatforms) = postSolution
		{AB97F501-5830-4B7B-9E9D-8D00A09CFEE4}.Debug|Any CPU.ActiveCfg = Debug|Any CPU
		{AB97F501-5830-4B7B-9E9D-8D00A09CFEE4}.Debug|Any CPU.Build.0 = Debug|Any CPU
		{AB97F501-5830-4B7B-9E9D-8D00A09CFEE4}.Release|Any CPU.ActiveCfg = Release|Any CPU
		{AB97F501-5830-4B7B-9E9D-8D00A09CFEE4}.Release|Any CPU.Build.0 = Release|Any CPU
		{F99E1E9B-3749-48D0-A831-AB1CED9054D7}.Debug|Any CPU.ActiveCfg = Debug|Any CPU
		{F99E1E9B-3749-48D0-A831-AB1CED9054D7}.Debug|Any CPU.Build.0 = Debug|Any CPU
		{F99E1E9B-3749-48D0-A831-AB1CED9054D7}.Release|Any CPU.ActiveCfg = Release|Any CPU
		{F99E1E9B-3749-48D0-A831-AB1CED9054D7}.Release|Any CPU.Build.0 = Release|Any CPU
		{1C74A991-0AFD-463E-8E07-4A302E28E1A3}.Debug|Any CPU.ActiveCfg = Debug|Any CPU
		{1C74A991-0AFD-463E-8E07-4A302E28E1A3}.Debug|Any CPU.Build.0 = Debug|Any CPU
		{1C74A991-0AFD-463E-8E07-4A302E28E1A3}.Release|Any CPU.ActiveCfg = Release|Any CPU
		{1C74A991-0AFD-463E-8E07-4A302E28E1A3}.Release|Any CPU.Build.0 = Release|Any CPU
		{BA8BD130-D936-4479-92AD-61EABF4286E6}.Debug|Any CPU.ActiveCfg = Debug|Any CPU
		{BA8BD130-D936-4479-92AD-61EABF4286E6}.Debug|Any CPU.Build.0 = Debug|Any CPU
		{BA8BD130-D936-4479-92AD-61EABF4286E6}.Release|Any CPU.ActiveCfg = Release|Any CPU
		{BA8BD130-D936-4479-92AD-61EABF4286E6}.Release|Any CPU.Build.0 = Release|Any CPU
		{79FEC4E3-42AD-4CA3-B70C-9DC538618698}.Debug|Any CPU.ActiveCfg = Debug|Any CPU
		{79FEC4E3-42AD-4CA3-B70C-9DC538618698}.Debug|Any CPU.Build.0 = Debug|Any CPU
		{79FEC4E3-42AD-4CA3-B70C-9DC538618698}.Release|Any CPU.ActiveCfg = Release|Any CPU
		{79FEC4E3-42AD-4CA3-B70C-9DC538618698}.Release|Any CPU.Build.0 = Release|Any CPU
	EndGlobalSection
	GlobalSection(NestedProjects) = preSolution
		{BA8BD130-D936-4479-92AD-61EABF4286E6} = {A64967CF-BBFE-4B62-A835-2AF863BC3296}
		{79FEC4E3-42AD-4CA3-B70C-9DC538618698} = {A64967CF-BBFE-4B62-A835-2AF863BC3296}
	EndGlobalSection
EndGlobal
