
Microsoft Visual Studio Solution File, Format Version 12.00
# Visual Studio Version 17
VisualStudioVersion = 17.12.35506.116
MinimumVisualStudioVersion = 10.0.40219.1
Project("{2150E333-8FDC-42A3-9474-1A3956D46DE8}") = "src", "src", "{9A0B5846-9205-4011-8577-A5A269EC4A66}"
EndProject
Project("{2150E333-8FDC-42A3-9474-1A3956D46DE8}") = "Backend", "Backend", "{DC65E6CA-8BB5-4FC5-9C36-8625D320F869}"
EndProject
Project("{FAE04EC0-301F-11D3-BF4B-00C04F79EFBC}") = "SmartCafeteria.ProductMicroservice.Api", "src\Backend\SmartCafeteria.ProductMicroservice.Api\SmartCafeteria.ProductMicroservice.Api.csproj", "{53196DD3-E537-42F9-9FFB-B027470F5B7A}"
EndProject
Project("{FAE04EC0-301F-11D3-BF4B-00C04F79EFBC}") = "SmartCafeteria.ProductMicroservice.DataAccess", "src\Backend\SmartCafeteria.ProductMicroservice.DataAccess\SmartCafeteria.ProductMicroservice.DataAccess.csproj", "{1EED49DD-2F5E-4EB4-9195-73FF083B2558}"
EndProject
Global
	GlobalSection(SolutionConfigurationPlatforms) = preSolution
		Debug|Any CPU = Debug|Any CPU
		Release|Any CPU = Release|Any CPU
	EndGlobalSection
	GlobalSection(ProjectConfigurationPlatforms) = postSolution
		{53196DD3-E537-42F9-9FFB-B027470F5B7A}.Debug|Any CPU.ActiveCfg = Debug|Any CPU
		{53196DD3-E537-42F9-9FFB-B027470F5B7A}.Debug|Any CPU.Build.0 = Debug|Any CPU
		{53196DD3-E537-42F9-9FFB-B027470F5B7A}.Release|Any CPU.ActiveCfg = Release|Any CPU
		{53196DD3-E537-42F9-9FFB-B027470F5B7A}.Release|Any CPU.Build.0 = Release|Any CPU
		{1EED49DD-2F5E-4EB4-9195-73FF083B2558}.Debug|Any CPU.ActiveCfg = Debug|Any CPU
		{1EED49DD-2F5E-4EB4-9195-73FF083B2558}.Debug|Any CPU.Build.0 = Debug|Any CPU
		{1EED49DD-2F5E-4EB4-9195-73FF083B2558}.Release|Any CPU.ActiveCfg = Release|Any CPU
		{1EED49DD-2F5E-4EB4-9195-73FF083B2558}.Release|Any CPU.Build.0 = Release|Any CPU
	EndGlobalSection
	GlobalSection(SolutionProperties) = preSolution
		HideSolutionNode = FALSE
	EndGlobalSection
	GlobalSection(NestedProjects) = preSolution
		{DC65E6CA-8BB5-4FC5-9C36-8625D320F869} = {9A0B5846-9205-4011-8577-A5A269EC4A66}
		{53196DD3-E537-42F9-9FFB-B027470F5B7A} = {DC65E6CA-8BB5-4FC5-9C36-8625D320F869}
		{1EED49DD-2F5E-4EB4-9195-73FF083B2558} = {DC65E6CA-8BB5-4FC5-9C36-8625D320F869}
	EndGlobalSection
EndGlobal
