
Microsoft Visual Studio Solution File, Format Version 12.00
# Visual Studio Version 17
VisualStudioVersion = 17.12.35527.113 d17.12
MinimumVisualStudioVersion = 10.0.40219.1
Project("{FAE04EC0-301F-11D3-BF4B-00C04F79EFBC}") = "FeedbackService", "..\..\Feedback\FeedbackService\FeedbackService.csproj", "{C095A5C6-40BC-468E-B375-9CBDE8C9A12D}"
EndProject
Project("{FAE04EC0-301F-11D3-BF4B-00C04F79EFBC}") = "Dataccess", "..\..\Feedback\Dataccess\Dataccess.csproj", "{6E851729-A62D-4B25-A819-01FC0E110FEC}"
EndProject
Global
	GlobalSection(SolutionConfigurationPlatforms) = preSolution
		Debug|Any CPU = Debug|Any CPU
		Release|Any CPU = Release|Any CPU
	EndGlobalSection
	GlobalSection(ProjectConfigurationPlatforms) = postSolution
		{C095A5C6-40BC-468E-B375-9CBDE8C9A12D}.Debug|Any CPU.ActiveCfg = Debug|Any CPU
		{C095A5C6-40BC-468E-B375-9CBDE8C9A12D}.Debug|Any CPU.Build.0 = Debug|Any CPU
		{C095A5C6-40BC-468E-B375-9CBDE8C9A12D}.Release|Any CPU.ActiveCfg = Release|Any CPU
		{C095A5C6-40BC-468E-B375-9CBDE8C9A12D}.Release|Any CPU.Build.0 = Release|Any CPU
		{6E851729-A62D-4B25-A819-01FC0E110FEC}.Debug|Any CPU.ActiveCfg = Debug|Any CPU
		{6E851729-A62D-4B25-A819-01FC0E110FEC}.Debug|Any CPU.Build.0 = Debug|Any CPU
		{6E851729-A62D-4B25-A819-01FC0E110FEC}.Release|Any CPU.ActiveCfg = Release|Any CPU
		{6E851729-A62D-4B25-A819-01FC0E110FEC}.Release|Any CPU.Build.0 = Release|Any CPU
	EndGlobalSection
	GlobalSection(SolutionProperties) = preSolution
		HideSolutionNode = FALSE
	EndGlobalSection
EndGlobal
